
Microsoft Visual Studio Solution File, Format Version 12.00
# Visual Studio Version 17
VisualStudioVersion = 17.11.35222.181
MinimumVisualStudioVersion = 10.0.40219.1
Project("{9A19103F-16F7-4668-BE54-9A1E7A4F7556}") = "RazorHotelDB25inClass", "RazorHotelDB25inClass\RazorHotelDB25inClass.csproj", "{F2412DF0-0508-4DFA-95DA-DF35BF09E57A}"
EndProject
Project("{FAE04EC0-301F-11D3-BF4B-00C04F79EFBC}") = "RazorHotelDBTest", "RazorHotelDBTest\RazorHotelDBTest.csproj", "{5A185FB4-8831-4497-B0BB-D34370B4AA6C}"
EndProject
Global
	GlobalSection(SolutionConfigurationPlatforms) = preSolution
		Debug|Any CPU = Debug|Any CPU
		Release|Any CPU = Release|Any CPU
	EndGlobalSection
	GlobalSection(ProjectConfigurationPlatforms) = postSolution
		{F2412DF0-0508-4DFA-95DA-DF35BF09E57A}.Debug|Any CPU.ActiveCfg = Debug|Any CPU
		{F2412DF0-0508-4DFA-95DA-DF35BF09E57A}.Debug|Any CPU.Build.0 = Debug|Any CPU
		{F2412DF0-0508-4DFA-95DA-DF35BF09E57A}.Release|Any CPU.ActiveCfg = Release|Any CPU
		{F2412DF0-0508-4DFA-95DA-DF35BF09E57A}.Release|Any CPU.Build.0 = Release|Any CPU
		{5A185FB4-8831-4497-B0BB-D34370B4AA6C}.Debug|Any CPU.ActiveCfg = Debug|Any CPU
		{5A185FB4-8831-4497-B0BB-D34370B4AA6C}.Debug|Any CPU.Build.0 = Debug|Any CPU
		{5A185FB4-8831-4497-B0BB-D34370B4AA6C}.Release|Any CPU.ActiveCfg = Release|Any CPU
		{5A185FB4-8831-4497-B0BB-D34370B4AA6C}.Release|Any CPU.Build.0 = Release|Any CPU
	EndGlobalSection
	GlobalSection(SolutionProperties) = preSolution
		HideSolutionNode = FALSE
	EndGlobalSection
	GlobalSection(ExtensibilityGlobals) = postSolution
		SolutionGuid = {37C3EEED-8C67-47A0-9278-9B7564141B38}
	EndGlobalSection
EndGlobal
